
Microsoft Visual Studio Solution File, Format Version 12.00
# Visual Studio 15
VisualStudioVersion = 15.0.27004.2008
MinimumVisualStudioVersion = 10.0.40219.1
Project("{9A19103F-16F7-4668-BE54-9A1E7A4F7556}") = "AbstractFactoryPattern", "AbstractFactoryPattern\AbstractFactoryPattern.csproj", "{F4670FC8-A39B-4EA3-9D7B-47AD3474D8FE}"
EndProject
Project("{9A19103F-16F7-4668-BE54-9A1E7A4F7556}") = "BuilderPattern", "BuilderPattern\BuilderPattern.csproj", "{E498B5A5-7A5A-4666-AFB2-44858C2EC556}"
EndProject
Project("{9A19103F-16F7-4668-BE54-9A1E7A4F7556}") = "FactoryMethodPattern", "FactoryMethodPattern\FactoryMethodPattern.csproj", "{709CB698-0561-46F5-86EA-43F702764A29}"
EndProject
Project("{9A19103F-16F7-4668-BE54-9A1E7A4F7556}") = "PrototypePattern", "PrototypePattern\PrototypePattern.csproj", "{103AAEE1-0EA2-4201-B44B-03E62E4721C3}"
EndProject
Project("{9A19103F-16F7-4668-BE54-9A1E7A4F7556}") = "SingletonPattern", "SingletonPattern\SingletonPattern.csproj", "{D541C704-35E7-4F3D-8506-95C8E774678A}"
EndProject
Project("{FAE04EC0-301F-11D3-BF4B-00C04F79EFBC}") = "AdapterPattern", "AdapterPattern\AdapterPattern.csproj", "{87E9AC8E-376A-4687-B7E9-9C531668CAB6}"
EndProject
Global
	GlobalSection(SolutionConfigurationPlatforms) = preSolution
		Debug|Any CPU = Debug|Any CPU
		Release|Any CPU = Release|Any CPU
	EndGlobalSection
	GlobalSection(ProjectConfigurationPlatforms) = postSolution
		{F4670FC8-A39B-4EA3-9D7B-47AD3474D8FE}.Debug|Any CPU.ActiveCfg = Debug|Any CPU
		{F4670FC8-A39B-4EA3-9D7B-47AD3474D8FE}.Debug|Any CPU.Build.0 = Debug|Any CPU
		{F4670FC8-A39B-4EA3-9D7B-47AD3474D8FE}.Release|Any CPU.ActiveCfg = Release|Any CPU
		{F4670FC8-A39B-4EA3-9D7B-47AD3474D8FE}.Release|Any CPU.Build.0 = Release|Any CPU
		{E498B5A5-7A5A-4666-AFB2-44858C2EC556}.Debug|Any CPU.ActiveCfg = Debug|Any CPU
		{E498B5A5-7A5A-4666-AFB2-44858C2EC556}.Debug|Any CPU.Build.0 = Debug|Any CPU
		{E498B5A5-7A5A-4666-AFB2-44858C2EC556}.Release|Any CPU.ActiveCfg = Release|Any CPU
		{E498B5A5-7A5A-4666-AFB2-44858C2EC556}.Release|Any CPU.Build.0 = Release|Any CPU
		{709CB698-0561-46F5-86EA-43F702764A29}.Debug|Any CPU.ActiveCfg = Debug|Any CPU
		{709CB698-0561-46F5-86EA-43F702764A29}.Debug|Any CPU.Build.0 = Debug|Any CPU
		{709CB698-0561-46F5-86EA-43F702764A29}.Release|Any CPU.ActiveCfg = Release|Any CPU
		{709CB698-0561-46F5-86EA-43F702764A29}.Release|Any CPU.Build.0 = Release|Any CPU
		{103AAEE1-0EA2-4201-B44B-03E62E4721C3}.Debug|Any CPU.ActiveCfg = Debug|Any CPU
		{103AAEE1-0EA2-4201-B44B-03E62E4721C3}.Debug|Any CPU.Build.0 = Debug|Any CPU
		{103AAEE1-0EA2-4201-B44B-03E62E4721C3}.Release|Any CPU.ActiveCfg = Release|Any CPU
		{103AAEE1-0EA2-4201-B44B-03E62E4721C3}.Release|Any CPU.Build.0 = Release|Any CPU
		{D541C704-35E7-4F3D-8506-95C8E774678A}.Debug|Any CPU.ActiveCfg = Debug|Any CPU
		{D541C704-35E7-4F3D-8506-95C8E774678A}.Debug|Any CPU.Build.0 = Debug|Any CPU
		{D541C704-35E7-4F3D-8506-95C8E774678A}.Release|Any CPU.ActiveCfg = Release|Any CPU
		{D541C704-35E7-4F3D-8506-95C8E774678A}.Release|Any CPU.Build.0 = Release|Any CPU
		{87E9AC8E-376A-4687-B7E9-9C531668CAB6}.Debug|Any CPU.ActiveCfg = Debug|Any CPU
		{87E9AC8E-376A-4687-B7E9-9C531668CAB6}.Debug|Any CPU.Build.0 = Debug|Any CPU
		{87E9AC8E-376A-4687-B7E9-9C531668CAB6}.Release|Any CPU.ActiveCfg = Release|Any CPU
		{87E9AC8E-376A-4687-B7E9-9C531668CAB6}.Release|Any CPU.Build.0 = Release|Any CPU
	EndGlobalSection
	GlobalSection(SolutionProperties) = preSolution
		HideSolutionNode = FALSE
	EndGlobalSection
	GlobalSection(ExtensibilityGlobals) = postSolution
		SolutionGuid = {FCD355A5-0FD5-42B6-B27E-446BB72B75F0}
	EndGlobalSection
EndGlobal
